{
  "pins" : [
    {
      "identity" : "afnetworking",
      "kind" : "remoteSourceControl",
      "location" : "https://github.com/AntonioConde-Quelinka/AFNetworking.git",
      "state" : {
        "branch" : "master",
        "revision" : "974f3eeaf16f12d03d15af9c925024a9700c45a9"
      }
    },
    {
      "identity" : "socketrocket",
      "kind" : "remoteSourceControl",
      "location" : "https://github.com/lisb/SocketRocket.git",
      "state" : {
        "branch" : "lisb-direct",
        "revision" : "1669d8c708e85d1f9dea236d5cf5930141b9dd88"
      }
    }
  ],
  "version" : 2
}
